
Microsoft Visual Studio Solution File, Format Version 12.00
# Visual Studio Version 16
VisualStudioVersion = 16.0.32002.261
MinimumVisualStudioVersion = 10.0.40219.1
Project("{9A19103F-16F7-4668-BE54-9A1E7A4F7556}") = "ModularGems", "ModularGems.csproj", "{05B7BC0E-4BE6-440A-8745-B46BBEC48904}"
EndProject
Global
	GlobalSection(SolutionConfigurationPlatforms) = preSolution
		Debug|Any CPU = Debug|Any CPU
		Release|Any CPU = Release|Any CPU
	EndGlobalSection
	GlobalSection(ProjectConfigurationPlatforms) = postSolution
		{05B7BC0E-4BE6-440A-8745-B46BBEC48904}.Debug|Any CPU.ActiveCfg = Debug|Any CPU
		{05B7BC0E-4BE6-440A-8745-B46BBEC48904}.Debug|Any CPU.Build.0 = Debug|Any CPU
		{05B7BC0E-4BE6-440A-8745-B46BBEC48904}.Release|Any CPU.ActiveCfg = Release|Any CPU
		{05B7BC0E-4BE6-440A-8745-B46BBEC48904}.Release|Any CPU.Build.0 = Release|Any CPU
	EndGlobalSection
	GlobalSection(SolutionProperties) = preSolution
		HideSolutionNode = FALSE
	EndGlobalSection
	GlobalSection(ExtensibilityGlobals) = postSolution
		SolutionGuid = {0284DAC8-F3C7-485F-9050-E92020D412B7}
	EndGlobalSection
EndGlobal
